
Microsoft Visual Studio Solution File, Format Version 12.00
Project("{FAE04EC0-301F-11D3-BF4B-00C04F79EFBC}") = "ApiDex.Domain", "ApiDex.Domain\ApiDex.Domain.csproj", "{F3BBC70E-0C2F-44FF-91EA-F6C8D027EACB}"
EndProject
Project("{FAE04EC0-301F-11D3-BF4B-00C04F79EFBC}") = "ApiDex.Server", "ApiDex.Server\ApiDex.Server.csproj", "{D067D8FA-D563-40F9-947A-4AE4A802E9BB}"
EndProject
Project("{FAE04EC0-301F-11D3-BF4B-00C04F79EFBC}") = "ApiDex.Application", "ApiDex.Application\ApiDex.Application.csproj", "{96DBAF00-1BED-4DAA-A71F-5E494733D35D}"
EndProject
Project("{FAE04EC0-301F-11D3-BF4B-00C04F79EFBC}") = "ApiDex.Infrastructure", "ApiDex.Infrastructure\ApiDex.Infrastructure.csproj", "{0910230E-9994-4443-AA8E-8C3274EAA805}"
EndProject
Global
	GlobalSection(SolutionConfigurationPlatforms) = preSolution
		Debug|Any CPU = Debug|Any CPU
		Debug|x64 = Debug|x64
		Debug|x86 = Debug|x86
		Release|Any CPU = Release|Any CPU
		Release|x64 = Release|x64
		Release|x86 = Release|x86
	EndGlobalSection
	GlobalSection(ProjectConfigurationPlatforms) = postSolution
		{F3BBC70E-0C2F-44FF-91EA-F6C8D027EACB}.Debug|Any CPU.ActiveCfg = Debug|Any CPU
		{F3BBC70E-0C2F-44FF-91EA-F6C8D027EACB}.Debug|Any CPU.Build.0 = Debug|Any CPU
		{F3BBC70E-0C2F-44FF-91EA-F6C8D027EACB}.Debug|x64.ActiveCfg = Debug|Any CPU
		{F3BBC70E-0C2F-44FF-91EA-F6C8D027EACB}.Debug|x64.Build.0 = Debug|Any CPU
		{F3BBC70E-0C2F-44FF-91EA-F6C8D027EACB}.Debug|x86.ActiveCfg = Debug|Any CPU
		{F3BBC70E-0C2F-44FF-91EA-F6C8D027EACB}.Debug|x86.Build.0 = Debug|Any CPU
		{F3BBC70E-0C2F-44FF-91EA-F6C8D027EACB}.Release|Any CPU.ActiveCfg = Release|Any CPU
		{F3BBC70E-0C2F-44FF-91EA-F6C8D027EACB}.Release|Any CPU.Build.0 = Release|Any CPU
		{F3BBC70E-0C2F-44FF-91EA-F6C8D027EACB}.Release|x64.ActiveCfg = Release|Any CPU
		{F3BBC70E-0C2F-44FF-91EA-F6C8D027EACB}.Release|x64.Build.0 = Release|Any CPU
		{F3BBC70E-0C2F-44FF-91EA-F6C8D027EACB}.Release|x86.ActiveCfg = Release|Any CPU
		{F3BBC70E-0C2F-44FF-91EA-F6C8D027EACB}.Release|x86.Build.0 = Release|Any CPU
		{D067D8FA-D563-40F9-947A-4AE4A802E9BB}.Debug|Any CPU.ActiveCfg = Debug|Any CPU
		{D067D8FA-D563-40F9-947A-4AE4A802E9BB}.Debug|Any CPU.Build.0 = Debug|Any CPU
		{D067D8FA-D563-40F9-947A-4AE4A802E9BB}.Debug|x64.ActiveCfg = Debug|Any CPU
		{D067D8FA-D563-40F9-947A-4AE4A802E9BB}.Debug|x64.Build.0 = Debug|Any CPU
		{D067D8FA-D563-40F9-947A-4AE4A802E9BB}.Debug|x86.ActiveCfg = Debug|Any CPU
		{D067D8FA-D563-40F9-947A-4AE4A802E9BB}.Debug|x86.Build.0 = Debug|Any CPU
		{D067D8FA-D563-40F9-947A-4AE4A802E9BB}.Release|Any CPU.ActiveCfg = Release|Any CPU
		{D067D8FA-D563-40F9-947A-4AE4A802E9BB}.Release|Any CPU.Build.0 = Release|Any CPU
		{D067D8FA-D563-40F9-947A-4AE4A802E9BB}.Release|x64.ActiveCfg = Release|Any CPU
		{D067D8FA-D563-40F9-947A-4AE4A802E9BB}.Release|x64.Build.0 = Release|Any CPU
		{D067D8FA-D563-40F9-947A-4AE4A802E9BB}.Release|x86.ActiveCfg = Release|Any CPU
		{D067D8FA-D563-40F9-947A-4AE4A802E9BB}.Release|x86.Build.0 = Release|Any CPU
		{96DBAF00-1BED-4DAA-A71F-5E494733D35D}.Debug|Any CPU.ActiveCfg = Debug|Any CPU
		{96DBAF00-1BED-4DAA-A71F-5E494733D35D}.Debug|Any CPU.Build.0 = Debug|Any CPU
		{96DBAF00-1BED-4DAA-A71F-5E494733D35D}.Debug|x64.ActiveCfg = Debug|Any CPU
		{96DBAF00-1BED-4DAA-A71F-5E494733D35D}.Debug|x64.Build.0 = Debug|Any CPU
		{96DBAF00-1BED-4DAA-A71F-5E494733D35D}.Debug|x86.ActiveCfg = Debug|Any CPU
		{96DBAF00-1BED-4DAA-A71F-5E494733D35D}.Debug|x86.Build.0 = Debug|Any CPU
		{96DBAF00-1BED-4DAA-A71F-5E494733D35D}.Release|Any CPU.ActiveCfg = Release|Any CPU
		{96DBAF00-1BED-4DAA-A71F-5E494733D35D}.Release|Any CPU.Build.0 = Release|Any CPU
		{96DBAF00-1BED-4DAA-A71F-5E494733D35D}.Release|x64.ActiveCfg = Release|Any CPU
		{96DBAF00-1BED-4DAA-A71F-5E494733D35D}.Release|x64.Build.0 = Release|Any CPU
		{96DBAF00-1BED-4DAA-A71F-5E494733D35D}.Release|x86.ActiveCfg = Release|Any CPU
		{96DBAF00-1BED-4DAA-A71F-5E494733D35D}.Release|x86.Build.0 = Release|Any CPU
		{0910230E-9994-4443-AA8E-8C3274EAA805}.Debug|Any CPU.ActiveCfg = Debug|Any CPU
		{0910230E-9994-4443-AA8E-8C3274EAA805}.Debug|Any CPU.Build.0 = Debug|Any CPU
		{0910230E-9994-4443-AA8E-8C3274EAA805}.Debug|x64.ActiveCfg = Debug|Any CPU
		{0910230E-9994-4443-AA8E-8C3274EAA805}.Debug|x64.Build.0 = Debug|Any CPU
		{0910230E-9994-4443-AA8E-8C3274EAA805}.Debug|x86.ActiveCfg = Debug|Any CPU
		{0910230E-9994-4443-AA8E-8C3274EAA805}.Debug|x86.Build.0 = Debug|Any CPU
		{0910230E-9994-4443-AA8E-8C3274EAA805}.Release|Any CPU.ActiveCfg = Release|Any CPU
		{0910230E-9994-4443-AA8E-8C3274EAA805}.Release|Any CPU.Build.0 = Release|Any CPU
		{0910230E-9994-4443-AA8E-8C3274EAA805}.Release|x64.ActiveCfg = Release|Any CPU
		{0910230E-9994-4443-AA8E-8C3274EAA805}.Release|x64.Build.0 = Release|Any CPU
		{0910230E-9994-4443-AA8E-8C3274EAA805}.Release|x86.ActiveCfg = Release|Any CPU
		{0910230E-9994-4443-AA8E-8C3274EAA805}.Release|x86.Build.0 = Release|Any CPU
	EndGlobalSection
	GlobalSection(SolutionProperties) = preSolution
		HideSolutionNode = FALSE
	EndGlobalSection
EndGlobal
